{
  "nodes": {
    "moonythm": {
      "flake": false,
      "locked": {
        "lastModified": 1755198659,
        "narHash": "sha256-4MnPZQ70xpedoaffnkyXvhboDlHe+ttqpyqtwu/fCT4=",
        "ref": "refs/heads/main",
        "rev": "f103e9008a4d43fe6df134c17a9235b2f0bfa610",
        "revCount": 48,
        "type": "git",
        "url": "ssh://forgejo@ssh.git.moonythm.dev/prescientmoon/moonythm.git"
      },
      "original": {
        "type": "git",
        "url": "ssh://forgejo@ssh.git.moonythm.dev/prescientmoon/moonythm.git"
      }
    },
    "nixpkgs": {
      "locked": {
        "lastModified": 1755027561,
        "narHash": "sha256-IVft239Bc8p8Dtvf7UAACMG5P3ZV+3/aO28gXpGtMXI=",
        "owner": "nixos",
        "repo": "nixpkgs",
        "rev": "005433b926e16227259a1843015b5b2b7f7d1fc3",
        "type": "github"
      },
      "original": {
        "owner": "nixos",
        "ref": "nixos-unstable",
        "repo": "nixpkgs",
        "type": "github"
      }
    },
    "root": {
      "inputs": {
        "moonythm": "moonythm",
        "nixpkgs": "nixpkgs"
      }
    }
  },
  "root": "root",
  "version": 7
}
