{
  "nodes": {
    "moonythm": {
      "flake": false,
      "locked": {
        "lastModified": 1764897235,
        "narHash": "sha256-LMXYiMgWS0rqVvNsbW7feek5b9/2SsOHLLGxi75SS2g=",
        "ref": "refs/heads/main",
        "rev": "10d267a21dc471915871658c48dfa3bbf3210935",
        "revCount": 110,
        "type": "git",
        "url": "ssh://forgejo@ssh.git.moonythm.dev/prescientmoon/moonythm.git"
      },
      "original": {
        "type": "git",
        "url": "ssh://forgejo@ssh.git.moonythm.dev/prescientmoon/moonythm.git"
      }
    },
    "nixpkgs": {
      "locked": {
        "lastModified": 1764667669,
        "narHash": "sha256-7WUCZfmqLAssbDqwg9cUDAXrSoXN79eEEq17qhTNM/Y=",
        "owner": "nixos",
        "repo": "nixpkgs",
        "rev": "418468ac9527e799809c900eda37cbff999199b6",
        "type": "github"
      },
      "original": {
        "owner": "nixos",
        "ref": "nixos-unstable",
        "repo": "nixpkgs",
        "type": "github"
      }
    },
    "root": {
      "inputs": {
        "moonythm": "moonythm",
        "nixpkgs": "nixpkgs"
      }
    }
  },
  "root": "root",
  "version": 7
}
