{
  "nodes": {
    "moonythm": {
      "flake": false,
      "locked": {
        "lastModified": 1764264130,
        "narHash": "sha256-vevzA/iOxzywUBlwipkBkzG+wbzMMrJW0UVmn7WKpVc=",
        "ref": "refs/heads/main",
        "rev": "974da0381a81b8f54a2521fa8db0ea7f984e937d",
        "revCount": 107,
        "type": "git",
        "url": "ssh://forgejo@ssh.git.moonythm.dev/prescientmoon/moonythm.git"
      },
      "original": {
        "type": "git",
        "url": "ssh://forgejo@ssh.git.moonythm.dev/prescientmoon/moonythm.git"
      }
    },
    "nixpkgs": {
      "locked": {
        "lastModified": 1760878510,
        "narHash": "sha256-K5Osef2qexezUfs0alLvZ7nQFTGS9DL2oTVsIXsqLgs=",
        "owner": "nixos",
        "repo": "nixpkgs",
        "rev": "5e2a59a5b1a82f89f2c7e598302a9cacebb72a67",
        "type": "github"
      },
      "original": {
        "owner": "nixos",
        "ref": "nixos-unstable",
        "repo": "nixpkgs",
        "type": "github"
      }
    },
    "root": {
      "inputs": {
        "moonythm": "moonythm",
        "nixpkgs": "nixpkgs"
      }
    }
  },
  "root": "root",
  "version": 7
}
