# This file is automatically @generated by Cargo.
# It is not intended for manual editing.
version = 4

[[package]]
name = "aho-corasick"
version = "1.1.3"
source = "registry+https://github.com/rust-lang/crates.io-index"
checksum = "8e60d3430d3a69478ad0993f19238d2df97c507009a52b3c10addcd7f6bcb916"
dependencies = [
 "memchr",
]

[[package]]
name = "cc"
version = "1.2.16"
source = "registry+https://github.com/rust-lang/crates.io-index"
checksum = "be714c154be609ec7f5dad223a33bf1482fff90472de28f7362806e6d4832b8c"
dependencies = [
 "shlex",
]

[[package]]
name = "lazy_static"
version = "1.5.0"
source = "registry+https://github.com/rust-lang/crates.io-index"
checksum = "bbd2bcb4c963f2ddae06a2efc7e9f3591312473c50c6685e1f298068316e66fe"

[[package]]
name = "memchr"
version = "2.7.4"
source = "registry+https://github.com/rust-lang/crates.io-index"
checksum = "78ca9ab1a0babb1e7d5695e3530886289c18cf2f87ec19a575a0abdce112e3a3"

[[package]]
name = "moonythm-highliter"
version = "0.1.0"
dependencies = [
 "tree-sitter",
 "tree-sitter-djot",
 "tree-sitter-highlight",
 "tree-sitter-html",
 "tree-sitter-rust",
 "tree-sitter-typescript",
]

[[package]]
name = "proc-macro2"
version = "1.0.89"
source = "registry+https://github.com/rust-lang/crates.io-index"
checksum = "f139b0662de085916d1fb67d2b4169d1addddda1919e696f3252b740b629986e"
dependencies = [
 "unicode-ident",
]

[[package]]
name = "quote"
version = "1.0.37"
source = "registry+https://github.com/rust-lang/crates.io-index"
checksum = "b5b9d34b8991d19d98081b46eacdd8eb58c6f2b201139f7c5f643cc155a633af"
dependencies = [
 "proc-macro2",
]

[[package]]
name = "regex"
version = "1.11.1"
source = "registry+https://github.com/rust-lang/crates.io-index"
checksum = "b544ef1b4eac5dc2db33ea63606ae9ffcfac26c1416a2806ae0bf5f56b201191"
dependencies = [
 "aho-corasick",
 "memchr",
 "regex-automata",
 "regex-syntax",
]

[[package]]
name = "regex-automata"
version = "0.4.8"
source = "registry+https://github.com/rust-lang/crates.io-index"
checksum = "368758f23274712b504848e9d5a6f010445cc8b87a7cdb4d7cbee666c1288da3"
dependencies = [
 "aho-corasick",
 "memchr",
 "regex-syntax",
]

[[package]]
name = "regex-syntax"
version = "0.8.5"
source = "registry+https://github.com/rust-lang/crates.io-index"
checksum = "2b15c43186be67a4fd63bee50d0303afffcef381492ebe2c5d87f324e1b8815c"

[[package]]
name = "shlex"
version = "1.3.0"
source = "registry+https://github.com/rust-lang/crates.io-index"
checksum = "0fda2ff0d084019ba4d7c6f371c95d8fd75ce3524c3cb8fb653a3023f6323e64"

[[package]]
name = "streaming-iterator"
version = "0.1.9"
source = "registry+https://github.com/rust-lang/crates.io-index"
checksum = "2b2231b7c3057d5e4ad0156fb3dc807d900806020c5ffa3ee6ff2c8c76fb8520"

[[package]]
name = "syn"
version = "2.0.87"
source = "registry+https://github.com/rust-lang/crates.io-index"
checksum = "25aa4ce346d03a6dcd68dd8b4010bcb74e54e62c90c573f394c46eae99aba32d"
dependencies = [
 "proc-macro2",
 "quote",
 "unicode-ident",
]

[[package]]
name = "thiserror"
version = "1.0.68"
source = "registry+https://github.com/rust-lang/crates.io-index"
checksum = "02dd99dc800bbb97186339685293e1cc5d9df1f8fae2d0aecd9ff1c77efea892"
dependencies = [
 "thiserror-impl",
]

[[package]]
name = "thiserror-impl"
version = "1.0.68"
source = "registry+https://github.com/rust-lang/crates.io-index"
checksum = "a7c61ec9a6f64d2793d8a45faba21efbe3ced62a886d44c36a009b2b519b4c7e"
dependencies = [
 "proc-macro2",
 "quote",
 "syn",
]

[[package]]
name = "tree-sitter"
version = "0.24.3"
source = "registry+https://github.com/rust-lang/crates.io-index"
checksum = "f9871f16d6cf5c4757dcf30d5d2172a2df6987c510c017bbb7abfb7f9aa24d06"
dependencies = [
 "cc",
 "regex",
 "regex-syntax",
 "streaming-iterator",
 "tree-sitter-language",
]

[[package]]
name = "tree-sitter-djot"
version = "2.0.0"
source = "git+https://github.com/treeman/tree-sitter-djot?rev=eb31845d59b9ee8c1b2098e78e9ca72004bd1579#eb31845d59b9ee8c1b2098e78e9ca72004bd1579"
dependencies = [
 "cc",
 "tree-sitter",
]

[[package]]
name = "tree-sitter-highlight"
version = "0.24.3"
source = "registry+https://github.com/rust-lang/crates.io-index"
checksum = "48859aa39513716018d81904220960f415dbb72e071234a721304d20bf245e4c"
dependencies = [
 "lazy_static",
 "regex",
 "streaming-iterator",
 "thiserror",
 "tree-sitter",
]

[[package]]
name = "tree-sitter-html"
version = "0.23.2"
source = "registry+https://github.com/rust-lang/crates.io-index"
checksum = "261b708e5d92061ede329babaaa427b819329a9d427a1d710abb0f67bbef63ee"
dependencies = [
 "cc",
 "tree-sitter-language",
]

[[package]]
name = "tree-sitter-language"
version = "0.1.2"
source = "registry+https://github.com/rust-lang/crates.io-index"
checksum = "e8ddffe35a0e5eeeadf13ff7350af564c6e73993a24db62caee1822b185c2600"

[[package]]
name = "tree-sitter-rust"
version = "0.23.0"
source = "registry+https://github.com/rust-lang/crates.io-index"
checksum = "cffbbcb780348fbae8395742ae5b34c1fd794e4085d43aac9f259387f9a84dc8"
dependencies = [
 "cc",
 "tree-sitter-language",
]

[[package]]
name = "tree-sitter-typescript"
version = "0.23.2"
source = "registry+https://github.com/rust-lang/crates.io-index"
checksum = "6c5f76ed8d947a75cc446d5fccd8b602ebf0cde64ccf2ffa434d873d7a575eff"
dependencies = [
 "cc",
 "tree-sitter-language",
]

[[package]]
name = "unicode-ident"
version = "1.0.13"
source = "registry+https://github.com/rust-lang/crates.io-index"
checksum = "e91b56cd4cadaeb79bbf1a5645f6b4f8dc5bde8834ad5894a8db35fda9efa1fe"
