# This file is automatically @generated by Cargo.
# It is not intended for manual editing.
version = 4

[[package]]
name = "bumpalo"
version = "3.19.0"
source = "registry+https://github.com/rust-lang/crates.io-index"
checksum = "46c5e41b57b8bba42a04676d81cb89e9ee8e859a1a66f80a5a72e1cb76b34d43"

[[package]]
name = "nihil-math-renderer"
version = "0.1.0"
dependencies = [
 "pulldown-latex",
]

[[package]]
name = "pulldown-latex"
version = "0.7.1"
source = "registry+https://github.com/rust-lang/crates.io-index"
checksum = "3b8bc0583825170e3f560701d966dc2f0e3a16946da371e37d30d3ad7207fb7e"
dependencies = [
 "bumpalo",
]
